
Microsoft Visual Studio Solution File, Format Version 12.00
# Visual Studio 15
VisualStudioVersion = 15.0.27428.2015
MinimumVisualStudioVersion = 10.0.40219.1
Project("{FAE04EC0-301F-11D3-BF4B-00C04F79EFBC}") = "Phonebook.Service", "PhoneBook.Service\Phonebook.Service.csproj", "{2F833808-E493-4949-81BE-A2DEEEE6D1EE}"
EndProject
Project("{FAE04EC0-301F-11D3-BF4B-00C04F79EFBC}") = "Phonebook.Database", "Phonebook.Database\Phonebook.Database.csproj", "{F129CB4C-83E9-4C62-9BA2-7ADBD5119D3D}"
EndProject
Project("{FAE04EC0-301F-11D3-BF4B-00C04F79EFBC}") = "Phonebook.Common", "Phonebook.Common\Phonebook.Common.csproj", "{9293732E-F61A-44A7-BEC0-A6E95C86C365}"
EndProject
Project("{FAE04EC0-301F-11D3-BF4B-00C04F79EFBC}") = "Phonebook.TestUI", "Phonebook.TestUI\Phonebook.TestUI.csproj", "{B840BFF6-A1FA-4907-9281-0D12E634ED8A}"
EndProject
Project("{FAE04EC0-301F-11D3-BF4B-00C04F79EFBC}") = "Phonebook.Service.Tests", "Phonebook.Service.Tests\Phonebook.Service.Tests.csproj", "{80FA695B-E990-492F-87A7-4829771B7A6C}"
EndProject
Project("{FAE04EC0-301F-11D3-BF4B-00C04F79EFBC}") = "Phonebook.TestUI.Tests", "Phonebook.TestUI.Tests\Phonebook.TestUI.Tests.csproj", "{C7E15B4D-E683-4AD5-88B3-AB414A39F3D8}"
EndProject
Global
	GlobalSection(SolutionConfigurationPlatforms) = preSolution
		Debug|Any CPU = Debug|Any CPU
		Release|Any CPU = Release|Any CPU
	EndGlobalSection
	GlobalSection(ProjectConfigurationPlatforms) = postSolution
		{2F833808-E493-4949-81BE-A2DEEEE6D1EE}.Debug|Any CPU.ActiveCfg = Debug|Any CPU
		{2F833808-E493-4949-81BE-A2DEEEE6D1EE}.Debug|Any CPU.Build.0 = Debug|Any CPU
		{2F833808-E493-4949-81BE-A2DEEEE6D1EE}.Release|Any CPU.ActiveCfg = Release|Any CPU
		{2F833808-E493-4949-81BE-A2DEEEE6D1EE}.Release|Any CPU.Build.0 = Release|Any CPU
		{F129CB4C-83E9-4C62-9BA2-7ADBD5119D3D}.Debug|Any CPU.ActiveCfg = Debug|Any CPU
		{F129CB4C-83E9-4C62-9BA2-7ADBD5119D3D}.Debug|Any CPU.Build.0 = Debug|Any CPU
		{F129CB4C-83E9-4C62-9BA2-7ADBD5119D3D}.Release|Any CPU.ActiveCfg = Release|Any CPU
		{F129CB4C-83E9-4C62-9BA2-7ADBD5119D3D}.Release|Any CPU.Build.0 = Release|Any CPU
		{9293732E-F61A-44A7-BEC0-A6E95C86C365}.Debug|Any CPU.ActiveCfg = Debug|Any CPU
		{9293732E-F61A-44A7-BEC0-A6E95C86C365}.Debug|Any CPU.Build.0 = Debug|Any CPU
		{9293732E-F61A-44A7-BEC0-A6E95C86C365}.Release|Any CPU.ActiveCfg = Release|Any CPU
		{9293732E-F61A-44A7-BEC0-A6E95C86C365}.Release|Any CPU.Build.0 = Release|Any CPU
		{B840BFF6-A1FA-4907-9281-0D12E634ED8A}.Debug|Any CPU.ActiveCfg = Debug|Any CPU
		{B840BFF6-A1FA-4907-9281-0D12E634ED8A}.Debug|Any CPU.Build.0 = Debug|Any CPU
		{B840BFF6-A1FA-4907-9281-0D12E634ED8A}.Release|Any CPU.ActiveCfg = Release|Any CPU
		{B840BFF6-A1FA-4907-9281-0D12E634ED8A}.Release|Any CPU.Build.0 = Release|Any CPU
		{80FA695B-E990-492F-87A7-4829771B7A6C}.Debug|Any CPU.ActiveCfg = Debug|Any CPU
		{80FA695B-E990-492F-87A7-4829771B7A6C}.Debug|Any CPU.Build.0 = Debug|Any CPU
		{80FA695B-E990-492F-87A7-4829771B7A6C}.Release|Any CPU.ActiveCfg = Release|Any CPU
		{80FA695B-E990-492F-87A7-4829771B7A6C}.Release|Any CPU.Build.0 = Release|Any CPU
		{C7E15B4D-E683-4AD5-88B3-AB414A39F3D8}.Debug|Any CPU.ActiveCfg = Debug|Any CPU
		{C7E15B4D-E683-4AD5-88B3-AB414A39F3D8}.Debug|Any CPU.Build.0 = Debug|Any CPU
		{C7E15B4D-E683-4AD5-88B3-AB414A39F3D8}.Release|Any CPU.ActiveCfg = Release|Any CPU
		{C7E15B4D-E683-4AD5-88B3-AB414A39F3D8}.Release|Any CPU.Build.0 = Release|Any CPU
	EndGlobalSection
	GlobalSection(SolutionProperties) = preSolution
		HideSolutionNode = FALSE
	EndGlobalSection
	GlobalSection(ExtensibilityGlobals) = postSolution
		SolutionGuid = {E87E0616-4355-4FE4-9424-AA8238F40A0F}
	EndGlobalSection
EndGlobal
